// !$*UTF8*$!
{
	archiveVersion = 1;
	classes = {
	};
	objectVersion = 46;
	objects = {

/* Begin PBXBuildFile section */
		102ACED61733BA84000250F9 /* BCSelectMilestoneViewController.m in Sources */ = {isa = PBXBuildFile; fileRef = 102ACED51733BA84000250F9 /* BCSelectMilestoneViewController.m */; };
		102ACEDB1733BAB0000250F9 /* BCSelectMilestoneDataSource.m in Sources */ = {isa = PBXBuildFile; fileRef = 102ACEDA1733BAB0000250F9 /* BCSelectMilestoneDataSource.m */; };
		102ACEDF1733BAEF000250F9 /* BCSelectMilestoneView.m in Sources */ = {isa = PBXBuildFile; fileRef = 102ACEDE1733BAEF000250F9 /* BCSelectMilestoneView.m */; };
		102ACEE21733BB07000250F9 /* BCSelectMilestoneCell.m in Sources */ = {isa = PBXBuildFile; fileRef = 102ACEE11733BB07000250F9 /* BCSelectMilestoneCell.m */; };
		102B8B1C17268BBD003BA22F /* BCIssueViewController.m in Sources */ = {isa = PBXBuildFile; fileRef = 102B8B1B17268BBD003BA22F /* BCIssueViewController.m */; };
		102B8B2217268C90003BA22F /* BCIssueDataSource.m in Sources */ = {isa = PBXBuildFile; fileRef = 102B8B2117268C90003BA22F /* BCIssueDataSource.m */; };
		102B8B2517268CCC003BA22F /* BCIssueView.m in Sources */ = {isa = PBXBuildFile; fileRef = 102B8B2417268CCC003BA22F /* BCIssueView.m */; };
		102B8B2817268D38003BA22F /* BCIssueCell.m in Sources */ = {isa = PBXBuildFile; fileRef = 102B8B2717268D38003BA22F /* BCIssueCell.m */; };
		102B8B32172A621B003BA22F /* BCIssueDetailViewController.m in Sources */ = {isa = PBXBuildFile; fileRef = 102B8B31172A621B003BA22F /* BCIssueDetailViewController.m */; };
		102B8B3A172A6289003BA22F /* BCIssueDetailView.m in Sources */ = {isa = PBXBuildFile; fileRef = 102B8B39172A6289003BA22F /* BCIssueDetailView.m */; };
		102B8B40172A6646003BA22F /* gravatar-user-420.png in Resources */ = {isa = PBXBuildFile; fileRef = 102B8B3F172A6646003BA22F /* gravatar-user-420.png */; };
		102B8B49172E931D003BA22F /* BCSelectAssigneeViewController.m in Sources */ = {isa = PBXBuildFile; fileRef = 102B8B48172E931D003BA22F /* BCSelectAssigneeViewController.m */; };
		102B8B4D172E9350003BA22F /* BCSelectAssigneeView.m in Sources */ = {isa = PBXBuildFile; fileRef = 102B8B4C172E9350003BA22F /* BCSelectAssigneeView.m */; };
		102B8B51172E9385003BA22F /* BCSelectAssigneeCell.m in Sources */ = {isa = PBXBuildFile; fileRef = 102B8B50172E9385003BA22F /* BCSelectAssigneeCell.m */; };
		102B8B55172E93B0003BA22F /* BCSelectAssigneeDataSource.m in Sources */ = {isa = PBXBuildFile; fileRef = 102B8B54172E93B0003BA22F /* BCSelectAssigneeDataSource.m */; };
		102B8B5A172FE2E2003BA22F /* BCAddIssueViewController.m in Sources */ = {isa = PBXBuildFile; fileRef = 102B8B59172FE2E2003BA22F /* BCAddIssueViewController.m */; };
		102B8B5D172FE2FB003BA22F /* BCAddIssueView.m in Sources */ = {isa = PBXBuildFile; fileRef = 102B8B5C172FE2FB003BA22F /* BCAddIssueView.m */; };
		102B8B69172FF795003BA22F /* UIAlertView+errorAlert.m in Sources */ = {isa = PBXBuildFile; fileRef = 102B8B68172FF78B003BA22F /* UIAlertView+errorAlert.m */; };
		10E302B61722D1C700607EBA /* AFHTTPClient.m in Sources */ = {isa = PBXBuildFile; fileRef = 10E300701722D1C500607EBA /* AFHTTPClient.m */; };
		10E302B71722D1C700607EBA /* AFHTTPRequestOperation.m in Sources */ = {isa = PBXBuildFile; fileRef = 10E300721722D1C500607EBA /* AFHTTPRequestOperation.m */; };
		10E302B81722D1C700607EBA /* AFImageRequestOperation.m in Sources */ = {isa = PBXBuildFile; fileRef = 10E300741722D1C500607EBA /* AFImageRequestOperation.m */; };
		10E302B91722D1C700607EBA /* AFJSONRequestOperation.m in Sources */ = {isa = PBXBuildFile; fileRef = 10E300761722D1C500607EBA /* AFJSONRequestOperation.m */; };
		10E302BA1722D1C700607EBA /* AFNetworkActivityIndicatorManager.m in Sources */ = {isa = PBXBuildFile; fileRef = 10E300781722D1C500607EBA /* AFNetworkActivityIndicatorManager.m */; };
		10E302BB1722D1C700607EBA /* AFPropertyListRequestOperation.m in Sources */ = {isa = PBXBuildFile; fileRef = 10E3007B1722D1C500607EBA /* AFPropertyListRequestOperation.m */; };
		10E302BC1722D1C700607EBA /* AFURLConnectionOperation.m in Sources */ = {isa = PBXBuildFile; fileRef = 10E3007D1722D1C500607EBA /* AFURLConnectionOperation.m */; };
		10E302BD1722D1C700607EBA /* AFXMLRequestOperation.m in Sources */ = {isa = PBXBuildFile; fileRef = 10E3007F1722D1C500607EBA /* AFXMLRequestOperation.m */; };
		10E302BE1722D1C700607EBA /* UIImageView+AFNetworking.m in Sources */ = {isa = PBXBuildFile; fileRef = 10E300811722D1C500607EBA /* UIImageView+AFNetworking.m */; };
		10E3FC541721A66B00607EBA /* UIKit.framework in Frameworks */ = {isa = PBXBuildFile; fileRef = 10E3FC531721A66B00607EBA /* UIKit.framework */; settings = {ATTRIBUTES = (Required, ); }; };
		10E3FC561721A66B00607EBA /* Foundation.framework in Frameworks */ = {isa = PBXBuildFile; fileRef = 10E3FC551721A66B00607EBA /* Foundation.framework */; };
		10E3FC581721A66B00607EBA /* CoreGraphics.framework in Frameworks */ = {isa = PBXBuildFile; fileRef = 10E3FC571721A66B00607EBA /* CoreGraphics.framework */; };
		10E3FC5E1721A66B00607EBA /* InfoPlist.strings in Resources */ = {isa = PBXBuildFile; fileRef = 10E3FC5C1721A66B00607EBA /* InfoPlist.strings */; };
		10E3FC601721A66B00607EBA /* main.m in Sources */ = {isa = PBXBuildFile; fileRef = 10E3FC5F1721A66B00607EBA /* main.m */; };
		10E3FC641721A66B00607EBA /* BCAppDelegate.m in Sources */ = {isa = PBXBuildFile; fileRef = 10E3FC631721A66B00607EBA /* BCAppDelegate.m */; };
		10E3FC661721A66B00607EBA /* Default.png in Resources */ = {isa = PBXBuildFile; fileRef = 10E3FC651721A66B00607EBA /* Default.png */; };
		10E3FC681721A66B00607EBA /* Default@2x.png in Resources */ = {isa = PBXBuildFile; fileRef = 10E3FC671721A66B00607EBA /* Default@2x.png */; };
		10E3FC6A1721A66B00607EBA /* Default-568h@2x.png in Resources */ = {isa = PBXBuildFile; fileRef = 10E3FC691721A66B00607EBA /* Default-568h@2x.png */; };
		10EF01DE17379F7400346E9F /* BCSelectLabelsDataSource.m in Sources */ = {isa = PBXBuildFile; fileRef = 10EF01DD17379F7400346E9F /* BCSelectLabelsDataSource.m */; };
		10EF01E117379F9500346E9F /* BCSelectLabelsViewController.m in Sources */ = {isa = PBXBuildFile; fileRef = 10EF01E017379F9500346E9F /* BCSelectLabelsViewController.m */; };
		10EF01E417379FBE00346E9F /* BCSelectLabelsView.m in Sources */ = {isa = PBXBuildFile; fileRef = 10EF01E317379FBE00346E9F /* BCSelectLabelsView.m */; };
		10EF01E817379FD600346E9F /* BCSelectLabelsCell.m in Sources */ = {isa = PBXBuildFile; fileRef = 10EF01E717379FD600346E9F /* BCSelectLabelsCell.m */; };
		10F32E4D17252360005E80F8 /* libMantle.a in Frameworks */ = {isa = PBXBuildFile; fileRef = 10F32E4A17252347005E80F8 /* libMantle.a */; };
		10F32E9D172525E7005E80F8 /* BCHTTPClient.m in Sources */ = {isa = PBXBuildFile; fileRef = 10F32E92172525E7005E80F8 /* BCHTTPClient.m */; };
		10F32E9E172525E7005E80F8 /* BCIssue.m in Sources */ = {isa = PBXBuildFile; fileRef = 10F32E94172525E7005E80F8 /* BCIssue.m */; };
		10F32E9F172525E7005E80F8 /* BCLabel.m in Sources */ = {isa = PBXBuildFile; fileRef = 10F32E96172525E7005E80F8 /* BCLabel.m */; };
		10F32EA0172525E7005E80F8 /* BCMilestone.m in Sources */ = {isa = PBXBuildFile; fileRef = 10F32E98172525E7005E80F8 /* BCMilestone.m */; };
		10F32EA1172525E7005E80F8 /* BCRepository.m in Sources */ = {isa = PBXBuildFile; fileRef = 10F32E9A172525E7005E80F8 /* BCRepository.m */; };
		10F32EA2172525E7005E80F8 /* BCUser.m in Sources */ = {isa = PBXBuildFile; fileRef = 10F32E9C172525E7005E80F8 /* BCUser.m */; };
		10F32EBA17252D50005E80F8 /* BCRepositoryViewController.m in Sources */ = {isa = PBXBuildFile; fileRef = 10F32EB917252D50005E80F8 /* BCRepositoryViewController.m */; };
		10F32EBE17252D8B005E80F8 /* BCRepositoryView.m in Sources */ = {isa = PBXBuildFile; fileRef = 10F32EBD17252D8B005E80F8 /* BCRepositoryView.m */; };
		10F32EC317253465005E80F8 /* BCRepositoryCell.m in Sources */ = {isa = PBXBuildFile; fileRef = 10F32EC217253465005E80F8 /* BCRepositoryCell.m */; };
		10F32EC6172534F5005E80F8 /* BCRepositoryDataSource.m in Sources */ = {isa = PBXBuildFile; fileRef = 10F32EC5172534F5005E80F8 /* BCRepositoryDataSource.m */; };
/* End PBXBuildFile section */

/* Begin PBXContainerItemProxy section */
		10F32E4517252347005E80F8 /* PBXContainerItemProxy */ = {
			isa = PBXContainerItemProxy;
			containerPortal = 10F32E3C17252346005E80F8 /* Mantle.xcodeproj */;
			proxyType = 2;
			remoteGlobalIDString = D042FC3C15F72B23004E8054;
			remoteInfo = "Mantle Mac";
		};
		10F32E4717252347005E80F8 /* PBXContainerItemProxy */ = {
			isa = PBXContainerItemProxy;
			containerPortal = 10F32E3C17252346005E80F8 /* Mantle.xcodeproj */;
			proxyType = 2;
			remoteGlobalIDString = D042FC5415F72B23004E8054;
			remoteInfo = "Mantle Mac Tests";
		};
		10F32E4917252347005E80F8 /* PBXContainerItemProxy */ = {
			isa = PBXContainerItemProxy;
			containerPortal = 10F32E3C17252346005E80F8 /* Mantle.xcodeproj */;
			proxyType = 2;
			remoteGlobalIDString = D042FC7915F72BC7004E8054;
			remoteInfo = "Mantle iOS";
		};
		10F32E4B17252347005E80F8 /* PBXContainerItemProxy */ = {
			isa = PBXContainerItemProxy;
			containerPortal = 10F32E3C17252346005E80F8 /* Mantle.xcodeproj */;
			proxyType = 2;
			remoteGlobalIDString = D042FC8715F72BC7004E8054;
			remoteInfo = "Mantle iOS Tests";
		};
		10F32E4E17252365005E80F8 /* PBXContainerItemProxy */ = {
			isa = PBXContainerItemProxy;
			containerPortal = 10F32E3C17252346005E80F8 /* Mantle.xcodeproj */;
			proxyType = 1;
			remoteGlobalIDString = D042FC7815F72BC7004E8054;
			remoteInfo = "Mantle iOS";
		};
/* End PBXContainerItemProxy section */

/* Begin PBXFileReference section */
		102ACED41733BA84000250F9 /* BCSelectMilestoneViewController.h */ = {isa = PBXFileReference; fileEncoding = 4; lastKnownFileType = sourcecode.c.h; path = BCSelectMilestoneViewController.h; sourceTree = "<group>"; };
		102ACED51733BA84000250F9 /* BCSelectMilestoneViewController.m */ = {isa = PBXFileReference; fileEncoding = 4; lastKnownFileType = sourcecode.c.objc; path = BCSelectMilestoneViewController.m; sourceTree = "<group>"; };
		102ACED91733BAB0000250F9 /* BCSelectMilestoneDataSource.h */ = {isa = PBXFileReference; fileEncoding = 4; lastKnownFileType = sourcecode.c.h; path = BCSelectMilestoneDataSource.h; sourceTree = "<group>"; };
		102ACEDA1733BAB0000250F9 /* BCSelectMilestoneDataSource.m */ = {isa = PBXFileReference; fileEncoding = 4; lastKnownFileType = sourcecode.c.objc; path = BCSelectMilestoneDataSource.m; sourceTree = "<group>"; };
		102ACEDD1733BAEF000250F9 /* BCSelectMilestoneView.h */ = {isa = PBXFileReference; fileEncoding = 4; lastKnownFileType = sourcecode.c.h; path = BCSelectMilestoneView.h; sourceTree = "<group>"; };
		102ACEDE1733BAEF000250F9 /* BCSelectMilestoneView.m */ = {isa = PBXFileReference; fileEncoding = 4; lastKnownFileType = sourcecode.c.objc; path = BCSelectMilestoneView.m; sourceTree = "<group>"; };
		102ACEE01733BB07000250F9 /* BCSelectMilestoneCell.h */ = {isa = PBXFileReference; fileEncoding = 4; lastKnownFileType = sourcecode.c.h; path = BCSelectMilestoneCell.h; sourceTree = "<group>"; };
		102ACEE11733BB07000250F9 /* BCSelectMilestoneCell.m */ = {isa = PBXFileReference; fileEncoding = 4; lastKnownFileType = sourcecode.c.objc; path = BCSelectMilestoneCell.m; sourceTree = "<group>"; };
		102B8B1A17268BBD003BA22F /* BCIssueViewController.h */ = {isa = PBXFileReference; fileEncoding = 4; lastKnownFileType = sourcecode.c.h; path = BCIssueViewController.h; sourceTree = "<group>"; };
		102B8B1B17268BBD003BA22F /* BCIssueViewController.m */ = {isa = PBXFileReference; fileEncoding = 4; lastKnownFileType = sourcecode.c.objc; path = BCIssueViewController.m; sourceTree = "<group>"; };
		102B8B2017268C90003BA22F /* BCIssueDataSource.h */ = {isa = PBXFileReference; fileEncoding = 4; lastKnownFileType = sourcecode.c.h; path = BCIssueDataSource.h; sourceTree = "<group>"; };
		102B8B2117268C90003BA22F /* BCIssueDataSource.m */ = {isa = PBXFileReference; fileEncoding = 4; lastKnownFileType = sourcecode.c.objc; path = BCIssueDataSource.m; sourceTree = "<group>"; };
		102B8B2317268CCC003BA22F /* BCIssueView.h */ = {isa = PBXFileReference; fileEncoding = 4; lastKnownFileType = sourcecode.c.h; path = BCIssueView.h; sourceTree = "<group>"; };
		102B8B2417268CCC003BA22F /* BCIssueView.m */ = {isa = PBXFileReference; fileEncoding = 4; lastKnownFileType = sourcecode.c.objc; path = BCIssueView.m; sourceTree = "<group>"; };
		102B8B2617268D38003BA22F /* BCIssueCell.h */ = {isa = PBXFileReference; fileEncoding = 4; lastKnownFileType = sourcecode.c.h; path = BCIssueCell.h; sourceTree = "<group>"; };
		102B8B2717268D38003BA22F /* BCIssueCell.m */ = {isa = PBXFileReference; fileEncoding = 4; lastKnownFileType = sourcecode.c.objc; path = BCIssueCell.m; sourceTree = "<group>"; };
		102B8B30172A621B003BA22F /* BCIssueDetailViewController.h */ = {isa = PBXFileReference; fileEncoding = 4; lastKnownFileType = sourcecode.c.h; path = BCIssueDetailViewController.h; sourceTree = "<group>"; };
		102B8B31172A621B003BA22F /* BCIssueDetailViewController.m */ = {isa = PBXFileReference; fileEncoding = 4; lastKnownFileType = sourcecode.c.objc; path = BCIssueDetailViewController.m; sourceTree = "<group>"; };
		102B8B38172A6289003BA22F /* BCIssueDetailView.h */ = {isa = PBXFileReference; fileEncoding = 4; lastKnownFileType = sourcecode.c.h; path = BCIssueDetailView.h; sourceTree = "<group>"; };
		102B8B39172A6289003BA22F /* BCIssueDetailView.m */ = {isa = PBXFileReference; fileEncoding = 4; lastKnownFileType = sourcecode.c.objc; path = BCIssueDetailView.m; sourceTree = "<group>"; };
		102B8B3F172A6646003BA22F /* gravatar-user-420.png */ = {isa = PBXFileReference; lastKnownFileType = image.png; name = "gravatar-user-420.png"; path = "../../../../Desktop/gravatar-user-420.png"; sourceTree = "<group>"; };
		102B8B47172E931D003BA22F /* BCSelectAssigneeViewController.h */ = {isa = PBXFileReference; fileEncoding = 4; lastKnownFileType = sourcecode.c.h; path = BCSelectAssigneeViewController.h; sourceTree = "<group>"; };
		102B8B48172E931D003BA22F /* BCSelectAssigneeViewController.m */ = {isa = PBXFileReference; fileEncoding = 4; lastKnownFileType = sourcecode.c.objc; path = BCSelectAssigneeViewController.m; sourceTree = "<group>"; };
		102B8B4B172E9350003BA22F /* BCSelectAssigneeView.h */ = {isa = PBXFileReference; fileEncoding = 4; lastKnownFileType = sourcecode.c.h; path = BCSelectAssigneeView.h; sourceTree = "<group>"; };
		102B8B4C172E9350003BA22F /* BCSelectAssigneeView.m */ = {isa = PBXFileReference; fileEncoding = 4; lastKnownFileType = sourcecode.c.objc; path = BCSelectAssigneeView.m; sourceTree = "<group>"; };
		102B8B4F172E9385003BA22F /* BCSelectAssigneeCell.h */ = {isa = PBXFileReference; fileEncoding = 4; lastKnownFileType = sourcecode.c.h; path = BCSelectAssigneeCell.h; sourceTree = "<group>"; };
		102B8B50172E9385003BA22F /* BCSelectAssigneeCell.m */ = {isa = PBXFileReference; fileEncoding = 4; lastKnownFileType = sourcecode.c.objc; path = BCSelectAssigneeCell.m; sourceTree = "<group>"; };
		102B8B53172E93B0003BA22F /* BCSelectAssigneeDataSource.h */ = {isa = PBXFileReference; fileEncoding = 4; lastKnownFileType = sourcecode.c.h; path = BCSelectAssigneeDataSource.h; sourceTree = "<group>"; };
		102B8B54172E93B0003BA22F /* BCSelectAssigneeDataSource.m */ = {isa = PBXFileReference; fileEncoding = 4; lastKnownFileType = sourcecode.c.objc; path = BCSelectAssigneeDataSource.m; sourceTree = "<group>"; };
		102B8B58172FE2E2003BA22F /* BCAddIssueViewController.h */ = {isa = PBXFileReference; fileEncoding = 4; lastKnownFileType = sourcecode.c.h; path = BCAddIssueViewController.h; sourceTree = "<group>"; };
		102B8B59172FE2E2003BA22F /* BCAddIssueViewController.m */ = {isa = PBXFileReference; fileEncoding = 4; lastKnownFileType = sourcecode.c.objc; path = BCAddIssueViewController.m; sourceTree = "<group>"; };
		102B8B5B172FE2FB003BA22F /* BCAddIssueView.h */ = {isa = PBXFileReference; fileEncoding = 4; lastKnownFileType = sourcecode.c.h; path = BCAddIssueView.h; sourceTree = "<group>"; };
		102B8B5C172FE2FB003BA22F /* BCAddIssueView.m */ = {isa = PBXFileReference; fileEncoding = 4; lastKnownFileType = sourcecode.c.objc; path = BCAddIssueView.m; sourceTree = "<group>"; };
		102B8B67172FF787003BA22F /* UIAlertView+errorAlert.h */ = {isa = PBXFileReference; fileEncoding = 4; lastKnownFileType = sourcecode.c.h; path = "UIAlertView+errorAlert.h"; sourceTree = "<group>"; };
		102B8B68172FF78B003BA22F /* UIAlertView+errorAlert.m */ = {isa = PBXFileReference; fileEncoding = 4; lastKnownFileType = sourcecode.c.objc; path = "UIAlertView+errorAlert.m"; sourceTree = "<group>"; };
		102B8B6B17339EAA003BA22F /* BCSelectDataManager.h */ = {isa = PBXFileReference; fileEncoding = 4; lastKnownFileType = sourcecode.c.h; path = BCSelectDataManager.h; sourceTree = "<group>"; };
		10E3006F1722D1C500607EBA /* AFHTTPClient.h */ = {isa = PBXFileReference; fileEncoding = 4; lastKnownFileType = sourcecode.c.h; path = AFHTTPClient.h; sourceTree = "<group>"; };
		10E300701722D1C500607EBA /* AFHTTPClient.m */ = {isa = PBXFileReference; fileEncoding = 4; lastKnownFileType = sourcecode.c.objc; path = AFHTTPClient.m; sourceTree = "<group>"; };
		10E300711722D1C500607EBA /* AFHTTPRequestOperation.h */ = {isa = PBXFileReference; fileEncoding = 4; lastKnownFileType = sourcecode.c.h; path = AFHTTPRequestOperation.h; sourceTree = "<group>"; };
		10E300721722D1C500607EBA /* AFHTTPRequestOperation.m */ = {isa = PBXFileReference; fileEncoding = 4; lastKnownFileType = sourcecode.c.objc; path = AFHTTPRequestOperation.m; sourceTree = "<group>"; };
		10E300731722D1C500607EBA /* AFImageRequestOperation.h */ = {isa = PBXFileReference; fileEncoding = 4; lastKnownFileType = sourcecode.c.h; path = AFImageRequestOperation.h; sourceTree = "<group>"; };
		10E300741722D1C500607EBA /* AFImageRequestOperation.m */ = {isa = PBXFileReference; fileEncoding = 4; lastKnownFileType = sourcecode.c.objc; path = AFImageRequestOperation.m; sourceTree = "<group>"; };
		10E300751722D1C500607EBA /* AFJSONRequestOperation.h */ = {isa = PBXFileReference; fileEncoding = 4; lastKnownFileType = sourcecode.c.h; path = AFJSONRequestOperation.h; sourceTree = "<group>"; };
		10E300761722D1C500607EBA /* AFJSONRequestOperation.m */ = {isa = PBXFileReference; fileEncoding = 4; lastKnownFileType = sourcecode.c.objc; path = AFJSONRequestOperation.m; sourceTree = "<group>"; };
		10E300771722D1C500607EBA /* AFNetworkActivityIndicatorManager.h */ = {isa = PBXFileReference; fileEncoding = 4; lastKnownFileType = sourcecode.c.h; path = AFNetworkActivityIndicatorManager.h; sourceTree = "<group>"; };
		10E300781722D1C500607EBA /* AFNetworkActivityIndicatorManager.m */ = {isa = PBXFileReference; fileEncoding = 4; lastKnownFileType = sourcecode.c.objc; path = AFNetworkActivityIndicatorManager.m; sourceTree = "<group>"; };
		10E300791722D1C500607EBA /* AFNetworking.h */ = {isa = PBXFileReference; fileEncoding = 4; lastKnownFileType = sourcecode.c.h; path = AFNetworking.h; sourceTree = "<group>"; };
		10E3007A1722D1C500607EBA /* AFPropertyListRequestOperation.h */ = {isa = PBXFileReference; fileEncoding = 4; lastKnownFileType = sourcecode.c.h; path = AFPropertyListRequestOperation.h; sourceTree = "<group>"; };
		10E3007B1722D1C500607EBA /* AFPropertyListRequestOperation.m */ = {isa = PBXFileReference; fileEncoding = 4; lastKnownFileType = sourcecode.c.objc; path = AFPropertyListRequestOperation.m; sourceTree = "<group>"; };
		10E3007C1722D1C500607EBA /* AFURLConnectionOperation.h */ = {isa = PBXFileReference; fileEncoding = 4; lastKnownFileType = sourcecode.c.h; path = AFURLConnectionOperation.h; sourceTree = "<group>"; };
		10E3007D1722D1C500607EBA /* AFURLConnectionOperation.m */ = {isa = PBXFileReference; fileEncoding = 4; lastKnownFileType = sourcecode.c.objc; path = AFURLConnectionOperation.m; sourceTree = "<group>"; };
		10E3007E1722D1C500607EBA /* AFXMLRequestOperation.h */ = {isa = PBXFileReference; fileEncoding = 4; lastKnownFileType = sourcecode.c.h; path = AFXMLRequestOperation.h; sourceTree = "<group>"; };
		10E3007F1722D1C500607EBA /* AFXMLRequestOperation.m */ = {isa = PBXFileReference; fileEncoding = 4; lastKnownFileType = sourcecode.c.objc; path = AFXMLRequestOperation.m; sourceTree = "<group>"; };
		10E300801722D1C500607EBA /* UIImageView+AFNetworking.h */ = {isa = PBXFileReference; fileEncoding = 4; lastKnownFileType = sourcecode.c.h; path = "UIImageView+AFNetworking.h"; sourceTree = "<group>"; };
		10E300811722D1C500607EBA /* UIImageView+AFNetworking.m */ = {isa = PBXFileReference; fileEncoding = 4; lastKnownFileType = sourcecode.c.objc; path = "UIImageView+AFNetworking.m"; sourceTree = "<group>"; };
		10E3FC501721A66B00607EBA /* issueManager.app */ = {isa = PBXFileReference; explicitFileType = wrapper.application; includeInIndex = 0; path = issueManager.app; sourceTree = BUILT_PRODUCTS_DIR; };
		10E3FC531721A66B00607EBA /* UIKit.framework */ = {isa = PBXFileReference; lastKnownFileType = wrapper.framework; name = UIKit.framework; path = System/Library/Frameworks/UIKit.framework; sourceTree = SDKROOT; };
		10E3FC551721A66B00607EBA /* Foundation.framework */ = {isa = PBXFileReference; lastKnownFileType = wrapper.framework; name = Foundation.framework; path = System/Library/Frameworks/Foundation.framework; sourceTree = SDKROOT; };
		10E3FC571721A66B00607EBA /* CoreGraphics.framework */ = {isa = PBXFileReference; lastKnownFileType = wrapper.framework; name = CoreGraphics.framework; path = System/Library/Frameworks/CoreGraphics.framework; sourceTree = SDKROOT; };
		10E3FC5B1721A66B00607EBA /* issueManager-Info.plist */ = {isa = PBXFileReference; lastKnownFileType = text.plist.xml; path = "issueManager-Info.plist"; sourceTree = "<group>"; };
		10E3FC5D1721A66B00607EBA /* en */ = {isa = PBXFileReference; lastKnownFileType = text.plist.strings; name = en; path = en.lproj/InfoPlist.strings; sourceTree = "<group>"; };
		10E3FC5F1721A66B00607EBA /* main.m */ = {isa = PBXFileReference; lastKnownFileType = sourcecode.c.objc; path = main.m; sourceTree = "<group>"; };
		10E3FC611721A66B00607EBA /* issueManager-Prefix.pch */ = {isa = PBXFileReference; lastKnownFileType = sourcecode.c.h; path = "issueManager-Prefix.pch"; sourceTree = "<group>"; };
		10E3FC621721A66B00607EBA /* BCAppDelegate.h */ = {isa = PBXFileReference; lastKnownFileType = sourcecode.c.h; path = BCAppDelegate.h; sourceTree = "<group>"; };
		10E3FC631721A66B00607EBA /* BCAppDelegate.m */ = {isa = PBXFileReference; lastKnownFileType = sourcecode.c.objc; path = BCAppDelegate.m; sourceTree = "<group>"; };
		10E3FC651721A66B00607EBA /* Default.png */ = {isa = PBXFileReference; lastKnownFileType = image.png; path = Default.png; sourceTree = "<group>"; };
		10E3FC671721A66B00607EBA /* Default@2x.png */ = {isa = PBXFileReference; lastKnownFileType = image.png; path = "Default@2x.png"; sourceTree = "<group>"; };
		10E3FC691721A66B00607EBA /* Default-568h@2x.png */ = {isa = PBXFileReference; lastKnownFileType = image.png; path = "Default-568h@2x.png"; sourceTree = "<group>"; };
		10EF01DC17379F7400346E9F /* BCSelectLabelsDataSource.h */ = {isa = PBXFileReference; fileEncoding = 4; lastKnownFileType = sourcecode.c.h; path = BCSelectLabelsDataSource.h; sourceTree = "<group>"; };
		10EF01DD17379F7400346E9F /* BCSelectLabelsDataSource.m */ = {isa = PBXFileReference; fileEncoding = 4; lastKnownFileType = sourcecode.c.objc; path = BCSelectLabelsDataSource.m; sourceTree = "<group>"; };
		10EF01DF17379F9500346E9F /* BCSelectLabelsViewController.h */ = {isa = PBXFileReference; fileEncoding = 4; lastKnownFileType = sourcecode.c.h; path = BCSelectLabelsViewController.h; sourceTree = "<group>"; };
		10EF01E017379F9500346E9F /* BCSelectLabelsViewController.m */ = {isa = PBXFileReference; fileEncoding = 4; lastKnownFileType = sourcecode.c.objc; path = BCSelectLabelsViewController.m; sourceTree = "<group>"; };
		10EF01E217379FBE00346E9F /* BCSelectLabelsView.h */ = {isa = PBXFileReference; fileEncoding = 4; lastKnownFileType = sourcecode.c.h; path = BCSelectLabelsView.h; sourceTree = "<group>"; };
		10EF01E317379FBE00346E9F /* BCSelectLabelsView.m */ = {isa = PBXFileReference; fileEncoding = 4; lastKnownFileType = sourcecode.c.objc; path = BCSelectLabelsView.m; sourceTree = "<group>"; };
		10EF01E617379FD600346E9F /* BCSelectLabelsCell.h */ = {isa = PBXFileReference; fileEncoding = 4; lastKnownFileType = sourcecode.c.h; path = BCSelectLabelsCell.h; sourceTree = "<group>"; };
		10EF01E717379FD600346E9F /* BCSelectLabelsCell.m */ = {isa = PBXFileReference; fileEncoding = 4; lastKnownFileType = sourcecode.c.objc; path = BCSelectLabelsCell.m; sourceTree = "<group>"; };
		10F32E3C17252346005E80F8 /* Mantle.xcodeproj */ = {isa = PBXFileReference; lastKnownFileType = "wrapper.pb-project"; name = Mantle.xcodeproj; path = ../../../frameworks/Mantle/Mantle.xcodeproj; sourceTree = "<group>"; };
		10F32E91172525E7005E80F8 /* BCHTTPClient.h */ = {isa = PBXFileReference; fileEncoding = 4; lastKnownFileType = sourcecode.c.h; path = BCHTTPClient.h; sourceTree = "<group>"; };
		10F32E92172525E7005E80F8 /* BCHTTPClient.m */ = {isa = PBXFileReference; fileEncoding = 4; lastKnownFileType = sourcecode.c.objc; path = BCHTTPClient.m; sourceTree = "<group>"; };
		10F32E93172525E7005E80F8 /* BCIssue.h */ = {isa = PBXFileReference; fileEncoding = 4; lastKnownFileType = sourcecode.c.h; name = BCIssue.h; path = issueManager/BCIssue.h; sourceTree = "<group>"; };
		10F32E94172525E7005E80F8 /* BCIssue.m */ = {isa = PBXFileReference; fileEncoding = 4; lastKnownFileType = sourcecode.c.objc; name = BCIssue.m; path = issueManager/BCIssue.m; sourceTree = "<group>"; };
		10F32E95172525E7005E80F8 /* BCLabel.h */ = {isa = PBXFileReference; fileEncoding = 4; lastKnownFileType = sourcecode.c.h; name = BCLabel.h; path = issueManager/BCLabel.h; sourceTree = "<group>"; };
		10F32E96172525E7005E80F8 /* BCLabel.m */ = {isa = PBXFileReference; fileEncoding = 4; lastKnownFileType = sourcecode.c.objc; name = BCLabel.m; path = issueManager/BCLabel.m; sourceTree = "<group>"; };
		10F32E97172525E7005E80F8 /* BCMilestone.h */ = {isa = PBXFileReference; fileEncoding = 4; lastKnownFileType = sourcecode.c.h; name = BCMilestone.h; path = issueManager/BCMilestone.h; sourceTree = "<group>"; };
		10F32E98172525E7005E80F8 /* BCMilestone.m */ = {isa = PBXFileReference; fileEncoding = 4; lastKnownFileType = sourcecode.c.objc; name = BCMilestone.m; path = issueManager/BCMilestone.m; sourceTree = "<group>"; };
		10F32E99172525E7005E80F8 /* BCRepository.h */ = {isa = PBXFileReference; fileEncoding = 4; lastKnownFileType = sourcecode.c.h; name = BCRepository.h; path = issueManager/BCRepository.h; sourceTree = "<group>"; };
		10F32E9A172525E7005E80F8 /* BCRepository.m */ = {isa = PBXFileReference; fileEncoding = 4; lastKnownFileType = sourcecode.c.objc; name = BCRepository.m; path = issueManager/BCRepository.m; sourceTree = "<group>"; };
		10F32E9B172525E7005E80F8 /* BCUser.h */ = {isa = PBXFileReference; fileEncoding = 4; lastKnownFileType = sourcecode.c.h; name = BCUser.h; path = issueManager/BCUser.h; sourceTree = "<group>"; };
		10F32E9C172525E7005E80F8 /* BCUser.m */ = {isa = PBXFileReference; fileEncoding = 4; lastKnownFileType = sourcecode.c.objc; name = BCUser.m; path = issueManager/BCUser.m; sourceTree = "<group>"; };
		10F32EB817252D50005E80F8 /* BCRepositoryViewController.h */ = {isa = PBXFileReference; fileEncoding = 4; lastKnownFileType = sourcecode.c.h; path = BCRepositoryViewController.h; sourceTree = "<group>"; };
		10F32EB917252D50005E80F8 /* BCRepositoryViewController.m */ = {isa = PBXFileReference; fileEncoding = 4; lastKnownFileType = sourcecode.c.objc; path = BCRepositoryViewController.m; sourceTree = "<group>"; };
		10F32EBC17252D8B005E80F8 /* BCRepositoryView.h */ = {isa = PBXFileReference; fileEncoding = 4; lastKnownFileType = sourcecode.c.h; path = BCRepositoryView.h; sourceTree = "<group>"; };
		10F32EBD17252D8B005E80F8 /* BCRepositoryView.m */ = {isa = PBXFileReference; fileEncoding = 4; lastKnownFileType = sourcecode.c.objc; path = BCRepositoryView.m; sourceTree = "<group>"; };
		10F32EC117253465005E80F8 /* BCRepositoryCell.h */ = {isa = PBXFileReference; fileEncoding = 4; lastKnownFileType = sourcecode.c.h; path = BCRepositoryCell.h; sourceTree = "<group>"; };
		10F32EC217253465005E80F8 /* BCRepositoryCell.m */ = {isa = PBXFileReference; fileEncoding = 4; lastKnownFileType = sourcecode.c.objc; path = BCRepositoryCell.m; sourceTree = "<group>"; };
		10F32EC4172534F5005E80F8 /* BCRepositoryDataSource.h */ = {isa = PBXFileReference; fileEncoding = 4; lastKnownFileType = sourcecode.c.h; path = BCRepositoryDataSource.h; sourceTree = "<group>"; };
		10F32EC5172534F5005E80F8 /* BCRepositoryDataSource.m */ = {isa = PBXFileReference; fileEncoding = 4; lastKnownFileType = sourcecode.c.objc; path = BCRepositoryDataSource.m; sourceTree = "<group>"; };
/* End PBXFileReference section */

/* Begin PBXFrameworksBuildPhase section */
		10E3FC4D1721A66B00607EBA /* Frameworks */ = {
			isa = PBXFrameworksBuildPhase;
			buildActionMask = 2147483647;
			files = (
				10F32E4D17252360005E80F8 /* libMantle.a in Frameworks */,
				10E3FC541721A66B00607EBA /* UIKit.framework in Frameworks */,
				10E3FC561721A66B00607EBA /* Foundation.framework in Frameworks */,
				10E3FC581721A66B00607EBA /* CoreGraphics.framework in Frameworks */,
			);
			runOnlyForDeploymentPostprocessing = 0;
		};
/* End PBXFrameworksBuildPhase section */

/* Begin PBXGroup section */
		102ACED01733BA65000250F9 /* selectMilestone */ = {
			isa = PBXGroup;
			children = (
				102ACED81733BA96000250F9 /* dataSource */,
				102ACED71733BA8E000250F9 /* view */,
				102ACED41733BA84000250F9 /* BCSelectMilestoneViewController.h */,
				102ACED51733BA84000250F9 /* BCSelectMilestoneViewController.m */,
			);
			name = selectMilestone;
			sourceTree = "<group>";
		};
		102ACED71733BA8E000250F9 /* view */ = {
			isa = PBXGroup;
			children = (
				102ACEDD1733BAEF000250F9 /* BCSelectMilestoneView.h */,
				102ACEDE1733BAEF000250F9 /* BCSelectMilestoneView.m */,
				102ACEDC1733BAB6000250F9 /* cell */,
			);
			name = view;
			sourceTree = "<group>";
		};
		102ACED81733BA96000250F9 /* dataSource */ = {
			isa = PBXGroup;
			children = (
				102ACED91733BAB0000250F9 /* BCSelectMilestoneDataSource.h */,
				102ACEDA1733BAB0000250F9 /* BCSelectMilestoneDataSource.m */,
			);
			name = dataSource;
			sourceTree = "<group>";
		};
		102ACEDC1733BAB6000250F9 /* cell */ = {
			isa = PBXGroup;
			children = (
				102ACEE01733BB07000250F9 /* BCSelectMilestoneCell.h */,
				102ACEE11733BB07000250F9 /* BCSelectMilestoneCell.m */,
			);
			name = cell;
			sourceTree = "<group>";
		};
		102B8B1617268B86003BA22F /* issue */ = {
			isa = PBXGroup;
			children = (
				102B8B1F17268C79003BA22F /* dataSource */,
				102B8B1D17268C68003BA22F /* view */,
				102B8B1A17268BBD003BA22F /* BCIssueViewController.h */,
				102B8B1B17268BBD003BA22F /* BCIssueViewController.m */,
			);
			name = issue;
			sourceTree = "<group>";
		};
		102B8B1D17268C68003BA22F /* view */ = {
			isa = PBXGroup;
			children = (
				102B8B2317268CCC003BA22F /* BCIssueView.h */,
				102B8B2417268CCC003BA22F /* BCIssueView.m */,
				102B8B1E17268C72003BA22F /* cell */,
			);
			name = view;
			sourceTree = "<group>";
		};
		102B8B1E17268C72003BA22F /* cell */ = {
			isa = PBXGroup;
			children = (
				102B8B2617268D38003BA22F /* BCIssueCell.h */,
				102B8B2717268D38003BA22F /* BCIssueCell.m */,
			);
			name = cell;
			sourceTree = "<group>";
		};
		102B8B1F17268C79003BA22F /* dataSource */ = {
			isa = PBXGroup;
			children = (
				102B8B2017268C90003BA22F /* BCIssueDataSource.h */,
				102B8B2117268C90003BA22F /* BCIssueDataSource.m */,
			);
			name = dataSource;
			sourceTree = "<group>";
		};
		102B8B2C172A61E3003BA22F /* issueDetail */ = {
			isa = PBXGroup;
			children = (
				102B8B33172A624C003BA22F /* view */,
				102B8B30172A621B003BA22F /* BCIssueDetailViewController.h */,
				102B8B31172A621B003BA22F /* BCIssueDetailViewController.m */,
			);
			name = issueDetail;
			sourceTree = "<group>";
		};
		102B8B33172A624C003BA22F /* view */ = {
			isa = PBXGroup;
			children = (
				102B8B38172A6289003BA22F /* BCIssueDetailView.h */,
				102B8B39172A6289003BA22F /* BCIssueDetailView.m */,
			);
			name = view;
			sourceTree = "<group>";
		};
		102B8B45172E92FD003BA22F /* selectAssignee */ = {
			isa = PBXGroup;
			children = (
				102B8B52172E9394003BA22F /* dataSource */,
				102B8B46172E930D003BA22F /* view */,
				102B8B47172E931D003BA22F /* BCSelectAssigneeViewController.h */,
				102B8B48172E931D003BA22F /* BCSelectAssigneeViewController.m */,
			);
			name = selectAssignee;
			sourceTree = "<group>";
		};
		102B8B46172E930D003BA22F /* view */ = {
			isa = PBXGroup;
			children = (
				102B8B4B172E9350003BA22F /* BCSelectAssigneeView.h */,
				102B8B4C172E9350003BA22F /* BCSelectAssigneeView.m */,
				102B8B4A172E9337003BA22F /* cell */,
			);
			name = view;
			sourceTree = "<group>";
		};
		102B8B4A172E9337003BA22F /* cell */ = {
			isa = PBXGroup;
			children = (
				102B8B4F172E9385003BA22F /* BCSelectAssigneeCell.h */,
				102B8B50172E9385003BA22F /* BCSelectAssigneeCell.m */,
			);
			name = cell;
			sourceTree = "<group>";
		};
		102B8B52172E9394003BA22F /* dataSource */ = {
			isa = PBXGroup;
			children = (
				102B8B53172E93B0003BA22F /* BCSelectAssigneeDataSource.h */,
				102B8B54172E93B0003BA22F /* BCSelectAssigneeDataSource.m */,
			);
			name = dataSource;
			sourceTree = "<group>";
		};
		102B8B56172FE2AD003BA22F /* addIssue */ = {
			isa = PBXGroup;
			children = (
				102B8B57172FE2C2003BA22F /* view */,
				102B8B58172FE2E2003BA22F /* BCAddIssueViewController.h */,
				102B8B59172FE2E2003BA22F /* BCAddIssueViewController.m */,
			);
			name = addIssue;
			sourceTree = "<group>";
		};
		102B8B57172FE2C2003BA22F /* view */ = {
			isa = PBXGroup;
			children = (
				102B8B5B172FE2FB003BA22F /* BCAddIssueView.h */,
				102B8B5C172FE2FB003BA22F /* BCAddIssueView.m */,
			);
			name = view;
			sourceTree = "<group>";
		};
		10E300481721A6AA00607EBA /* 3rd */ = {
			isa = PBXGroup;
			children = (
				10F32E3C17252346005E80F8 /* Mantle.xcodeproj */,
				10E3006E1722D1C500607EBA /* AFNetworking */,
			);
			name = 3rd;
			sourceTree = "<group>";
		};
		10E3005E1721A70300607EBA /* models */ = {
			isa = PBXGroup;
			children = (
				10F32E93172525E7005E80F8 /* BCIssue.h */,
				10F32E94172525E7005E80F8 /* BCIssue.m */,
				10F32E95172525E7005E80F8 /* BCLabel.h */,
				10F32E96172525E7005E80F8 /* BCLabel.m */,
				10F32E97172525E7005E80F8 /* BCMilestone.h */,
				10F32E98172525E7005E80F8 /* BCMilestone.m */,
				10F32E99172525E7005E80F8 /* BCRepository.h */,
				10F32E9A172525E7005E80F8 /* BCRepository.m */,
				10F32E9B172525E7005E80F8 /* BCUser.h */,
				10F32E9C172525E7005E80F8 /* BCUser.m */,
			);
			name = models;
			path = ..;
			sourceTree = "<group>";
		};
		10E3005F1721A71F00607EBA /* API */ = {
			isa = PBXGroup;
			children = (
				10F32E91172525E7005E80F8 /* BCHTTPClient.h */,
				10F32E92172525E7005E80F8 /* BCHTTPClient.m */,
			);
			name = API;
			sourceTree = "<group>";
		};
		10E3006E1722D1C500607EBA /* AFNetworking */ = {
			isa = PBXGroup;
			children = (
				10E3006F1722D1C500607EBA /* AFHTTPClient.h */,
				10E300701722D1C500607EBA /* AFHTTPClient.m */,
				10E300711722D1C500607EBA /* AFHTTPRequestOperation.h */,
				10E300721722D1C500607EBA /* AFHTTPRequestOperation.m */,
				10E300731722D1C500607EBA /* AFImageRequestOperation.h */,
				10E300741722D1C500607EBA /* AFImageRequestOperation.m */,
				10E300751722D1C500607EBA /* AFJSONRequestOperation.h */,
				10E300761722D1C500607EBA /* AFJSONRequestOperation.m */,
				10E300771722D1C500607EBA /* AFNetworkActivityIndicatorManager.h */,
				10E300781722D1C500607EBA /* AFNetworkActivityIndicatorManager.m */,
				10E300791722D1C500607EBA /* AFNetworking.h */,
				10E3007A1722D1C500607EBA /* AFPropertyListRequestOperation.h */,
				10E3007B1722D1C500607EBA /* AFPropertyListRequestOperation.m */,
				10E3007C1722D1C500607EBA /* AFURLConnectionOperation.h */,
				10E3007D1722D1C500607EBA /* AFURLConnectionOperation.m */,
				10E3007E1722D1C500607EBA /* AFXMLRequestOperation.h */,
				10E3007F1722D1C500607EBA /* AFXMLRequestOperation.m */,
				10E300801722D1C500607EBA /* UIImageView+AFNetworking.h */,
				10E300811722D1C500607EBA /* UIImageView+AFNetworking.m */,
			);
			name = AFNetworking;
			path = issueManager/AFNetworking;
			sourceTree = "<group>";
		};
		10E3FC471721A66B00607EBA = {
			isa = PBXGroup;
			children = (
				10E300481721A6AA00607EBA /* 3rd */,
				10E3FC591721A66B00607EBA /* issueManager */,
				10E3FC521721A66B00607EBA /* Frameworks */,
				10E3FC511721A66B00607EBA /* Products */,
			);
			sourceTree = "<group>";
		};
		10E3FC511721A66B00607EBA /* Products */ = {
			isa = PBXGroup;
			children = (
				10E3FC501721A66B00607EBA /* issueManager.app */,
			);
			name = Products;
			sourceTree = "<group>";
		};
		10E3FC521721A66B00607EBA /* Frameworks */ = {
			isa = PBXGroup;
			children = (
				10E3FC531721A66B00607EBA /* UIKit.framework */,
				10E3FC551721A66B00607EBA /* Foundation.framework */,
				10E3FC571721A66B00607EBA /* CoreGraphics.framework */,
			);
			name = Frameworks;
			sourceTree = "<group>";
		};
		10E3FC591721A66B00607EBA /* issueManager */ = {
			isa = PBXGroup;
			children = (
				10F32EA3172526B2005E80F8 /* UI */,
				10E3005F1721A71F00607EBA /* API */,
				10E3005E1721A70300607EBA /* models */,
				10E3FC621721A66B00607EBA /* BCAppDelegate.h */,
				10E3FC631721A66B00607EBA /* BCAppDelegate.m */,
				102B8B67172FF787003BA22F /* UIAlertView+errorAlert.h */,
				102B8B68172FF78B003BA22F /* UIAlertView+errorAlert.m */,
				10E3FC5A1721A66B00607EBA /* Supporting Files */,
			);
			path = issueManager;
			sourceTree = "<group>";
		};
		10E3FC5A1721A66B00607EBA /* Supporting Files */ = {
			isa = PBXGroup;
			children = (
				102B8B3F172A6646003BA22F /* gravatar-user-420.png */,
				10E3FC5B1721A66B00607EBA /* issueManager-Info.plist */,
				10E3FC5C1721A66B00607EBA /* InfoPlist.strings */,
				10E3FC5F1721A66B00607EBA /* main.m */,
				10E3FC611721A66B00607EBA /* issueManager-Prefix.pch */,
				10E3FC651721A66B00607EBA /* Default.png */,
				10E3FC671721A66B00607EBA /* Default@2x.png */,
				10E3FC691721A66B00607EBA /* Default-568h@2x.png */,
			);
			name = "Supporting Files";
			sourceTree = "<group>";
		};
		10EF01D917379F2200346E9F /* selectLables */ = {
			isa = PBXGroup;
			children = (
				10EF01DA17379F4000346E9F /* dataSource */,
				10EF01DB17379F4800346E9F /* view */,
				10EF01DF17379F9500346E9F /* BCSelectLabelsViewController.h */,
				10EF01E017379F9500346E9F /* BCSelectLabelsViewController.m */,
			);
			name = selectLables;
			sourceTree = "<group>";
		};
		10EF01DA17379F4000346E9F /* dataSource */ = {
			isa = PBXGroup;
			children = (
				10EF01DC17379F7400346E9F /* BCSelectLabelsDataSource.h */,
				10EF01DD17379F7400346E9F /* BCSelectLabelsDataSource.m */,
			);
			name = dataSource;
			sourceTree = "<group>";
		};
		10EF01DB17379F4800346E9F /* view */ = {
			isa = PBXGroup;
			children = (
				10EF01E217379FBE00346E9F /* BCSelectLabelsView.h */,
				10EF01E317379FBE00346E9F /* BCSelectLabelsView.m */,
				10EF01E517379FC200346E9F /* cell */,
			);
			name = view;
			sourceTree = "<group>";
		};
		10EF01E517379FC200346E9F /* cell */ = {
			isa = PBXGroup;
			children = (
				10EF01E617379FD600346E9F /* BCSelectLabelsCell.h */,
				10EF01E717379FD600346E9F /* BCSelectLabelsCell.m */,
			);
			name = cell;
			sourceTree = "<group>";
		};
		10F32E3D17252346005E80F8 /* Products */ = {
			isa = PBXGroup;
			children = (
				10F32E4617252347005E80F8 /* Mantle.framework */,
				10F32E4817252347005E80F8 /* Mantle Mac Tests.octest */,
				10F32E4A17252347005E80F8 /* libMantle.a */,
				10F32E4C17252347005E80F8 /* Mantle iOS Tests.octest */,
			);
			name = Products;
			sourceTree = "<group>";
		};
		10F32EA3172526B2005E80F8 /* UI */ = {
			isa = PBXGroup;
			children = (
				102B8B6B17339EAA003BA22F /* BCSelectDataManager.h */,
				10EF01D917379F2200346E9F /* selectLables */,
				102ACED01733BA65000250F9 /* selectMilestone */,
				102B8B45172E92FD003BA22F /* selectAssignee */,
				102B8B56172FE2AD003BA22F /* addIssue */,
				102B8B2C172A61E3003BA22F /* issueDetail */,
				102B8B1617268B86003BA22F /* issue */,
				10F32EB717252D12005E80F8 /* repository */,
			);
			name = UI;
			sourceTree = "<group>";
		};
		10F32EB717252D12005E80F8 /* repository */ = {
			isa = PBXGroup;
			children = (
				10F32EBF172533E2005E80F8 /* dataSource */,
				10F32EBB17252D54005E80F8 /* view */,
				10F32EB817252D50005E80F8 /* BCRepositoryViewController.h */,
				10F32EB917252D50005E80F8 /* BCRepositoryViewController.m */,
			);
			name = repository;
			sourceTree = "<group>";
		};
		10F32EBB17252D54005E80F8 /* view */ = {
			isa = PBXGroup;
			children = (
				10F32EBC17252D8B005E80F8 /* BCRepositoryView.h */,
				10F32EBD17252D8B005E80F8 /* BCRepositoryView.m */,
				10F32EC0172533F1005E80F8 /* cell */,
			);
			name = view;
			sourceTree = "<group>";
		};
		10F32EBF172533E2005E80F8 /* dataSource */ = {
			isa = PBXGroup;
			children = (
				10F32EC4172534F5005E80F8 /* BCRepositoryDataSource.h */,
				10F32EC5172534F5005E80F8 /* BCRepositoryDataSource.m */,
			);
			name = dataSource;
			sourceTree = "<group>";
		};
		10F32EC0172533F1005E80F8 /* cell */ = {
			isa = PBXGroup;
			children = (
				10F32EC117253465005E80F8 /* BCRepositoryCell.h */,
				10F32EC217253465005E80F8 /* BCRepositoryCell.m */,
			);
			name = cell;
			sourceTree = "<group>";
		};
/* End PBXGroup section */

/* Begin PBXNativeTarget section */
		10E3FC4F1721A66B00607EBA /* issueManager */ = {
			isa = PBXNativeTarget;
			buildConfigurationList = 10E3FC6D1721A66B00607EBA /* Build configuration list for PBXNativeTarget "issueManager" */;
			buildPhases = (
				10E3FC4C1721A66B00607EBA /* Sources */,
				10E3FC4D1721A66B00607EBA /* Frameworks */,
				10E3FC4E1721A66B00607EBA /* Resources */,
			);
			buildRules = (
			);
			dependencies = (
				10F32E4F17252365005E80F8 /* PBXTargetDependency */,
			);
			name = issueManager;
			productName = issueManager;
			productReference = 10E3FC501721A66B00607EBA /* issueManager.app */;
			productType = "com.apple.product-type.application";
		};
/* End PBXNativeTarget section */

/* Begin PBXProject section */
		10E3FC481721A66B00607EBA /* Project object */ = {
			isa = PBXProject;
			attributes = {
				CLASSPREFIX = BC;
				LastUpgradeCheck = 0460;
				ORGANIZATIONNAME = vojta;
			};
			buildConfigurationList = 10E3FC4B1721A66B00607EBA /* Build configuration list for PBXProject "issueManager" */;
			compatibilityVersion = "Xcode 3.2";
			developmentRegion = English;
			hasScannedForEncodings = 0;
			knownRegions = (
				en,
			);
			mainGroup = 10E3FC471721A66B00607EBA;
			productRefGroup = 10E3FC511721A66B00607EBA /* Products */;
			projectDirPath = "";
			projectReferences = (
				{
					ProductGroup = 10F32E3D17252346005E80F8 /* Products */;
					ProjectRef = 10F32E3C17252346005E80F8 /* Mantle.xcodeproj */;
				},
			);
			projectRoot = "";
			targets = (
				10E3FC4F1721A66B00607EBA /* issueManager */,
			);
		};
/* End PBXProject section */

/* Begin PBXReferenceProxy section */
		10F32E4617252347005E80F8 /* Mantle.framework */ = {
			isa = PBXReferenceProxy;
			fileType = wrapper.framework;
			path = Mantle.framework;
			remoteRef = 10F32E4517252347005E80F8 /* PBXContainerItemProxy */;
			sourceTree = BUILT_PRODUCTS_DIR;
		};
		10F32E4817252347005E80F8 /* Mantle Mac Tests.octest */ = {
			isa = PBXReferenceProxy;
			fileType = wrapper.cfbundle;
			path = "Mantle Mac Tests.octest";
			remoteRef = 10F32E4717252347005E80F8 /* PBXContainerItemProxy */;
			sourceTree = BUILT_PRODUCTS_DIR;
		};
		10F32E4A17252347005E80F8 /* libMantle.a */ = {
			isa = PBXReferenceProxy;
			fileType = archive.ar;
			path = libMantle.a;
			remoteRef = 10F32E4917252347005E80F8 /* PBXContainerItemProxy */;
			sourceTree = BUILT_PRODUCTS_DIR;
		};
		10F32E4C17252347005E80F8 /* Mantle iOS Tests.octest */ = {
			isa = PBXReferenceProxy;
			fileType = wrapper.cfbundle;
			path = "Mantle iOS Tests.octest";
			remoteRef = 10F32E4B17252347005E80F8 /* PBXContainerItemProxy */;
			sourceTree = BUILT_PRODUCTS_DIR;
		};
/* End PBXReferenceProxy section */

/* Begin PBXResourcesBuildPhase section */
		10E3FC4E1721A66B00607EBA /* Resources */ = {
			isa = PBXResourcesBuildPhase;
			buildActionMask = 2147483647;
			files = (
				10E3FC5E1721A66B00607EBA /* InfoPlist.strings in Resources */,
				10E3FC661721A66B00607EBA /* Default.png in Resources */,
				10E3FC681721A66B00607EBA /* Default@2x.png in Resources */,
				10E3FC6A1721A66B00607EBA /* Default-568h@2x.png in Resources */,
				102B8B40172A6646003BA22F /* gravatar-user-420.png in Resources */,
			);
			runOnlyForDeploymentPostprocessing = 0;
		};
/* End PBXResourcesBuildPhase section */

/* Begin PBXSourcesBuildPhase section */
		10E3FC4C1721A66B00607EBA /* Sources */ = {
			isa = PBXSourcesBuildPhase;
			buildActionMask = 2147483647;
			files = (
				10E3FC601721A66B00607EBA /* main.m in Sources */,
				10E3FC641721A66B00607EBA /* BCAppDelegate.m in Sources */,
				10E302B61722D1C700607EBA /* AFHTTPClient.m in Sources */,
				10E302B71722D1C700607EBA /* AFHTTPRequestOperation.m in Sources */,
				10E302B81722D1C700607EBA /* AFImageRequestOperation.m in Sources */,
				10E302B91722D1C700607EBA /* AFJSONRequestOperation.m in Sources */,
				10E302BA1722D1C700607EBA /* AFNetworkActivityIndicatorManager.m in Sources */,
				10E302BB1722D1C700607EBA /* AFPropertyListRequestOperation.m in Sources */,
				10E302BC1722D1C700607EBA /* AFURLConnectionOperation.m in Sources */,
				10E302BD1722D1C700607EBA /* AFXMLRequestOperation.m in Sources */,
				10E302BE1722D1C700607EBA /* UIImageView+AFNetworking.m in Sources */,
				10F32E9D172525E7005E80F8 /* BCHTTPClient.m in Sources */,
				10F32E9E172525E7005E80F8 /* BCIssue.m in Sources */,
				10F32E9F172525E7005E80F8 /* BCLabel.m in Sources */,
				10F32EA0172525E7005E80F8 /* BCMilestone.m in Sources */,
				10F32EA1172525E7005E80F8 /* BCRepository.m in Sources */,
				10F32EA2172525E7005E80F8 /* BCUser.m in Sources */,
				10F32EBA17252D50005E80F8 /* BCRepositoryViewController.m in Sources */,
				10F32EBE17252D8B005E80F8 /* BCRepositoryView.m in Sources */,
				10F32EC317253465005E80F8 /* BCRepositoryCell.m in Sources */,
				10F32EC6172534F5005E80F8 /* BCRepositoryDataSource.m in Sources */,
				102B8B1C17268BBD003BA22F /* BCIssueViewController.m in Sources */,
				102B8B2217268C90003BA22F /* BCIssueDataSource.m in Sources */,
				102B8B2517268CCC003BA22F /* BCIssueView.m in Sources */,
				102B8B2817268D38003BA22F /* BCIssueCell.m in Sources */,
				102B8B32172A621B003BA22F /* BCIssueDetailViewController.m in Sources */,
				102B8B3A172A6289003BA22F /* BCIssueDetailView.m in Sources */,
				102B8B49172E931D003BA22F /* BCSelectAssigneeViewController.m in Sources */,
				102B8B4D172E9350003BA22F /* BCSelectAssigneeView.m in Sources */,
				102B8B51172E9385003BA22F /* BCSelectAssigneeCell.m in Sources */,
				102B8B55172E93B0003BA22F /* BCSelectAssigneeDataSource.m in Sources */,
				102B8B5A172FE2E2003BA22F /* BCAddIssueViewController.m in Sources */,
				102B8B5D172FE2FB003BA22F /* BCAddIssueView.m in Sources */,
				102B8B69172FF795003BA22F /* UIAlertView+errorAlert.m in Sources */,
				102ACED61733BA84000250F9 /* BCSelectMilestoneViewController.m in Sources */,
				102ACEDB1733BAB0000250F9 /* BCSelectMilestoneDataSource.m in Sources */,
				102ACEDF1733BAEF000250F9 /* BCSelectMilestoneView.m in Sources */,
				102ACEE21733BB07000250F9 /* BCSelectMilestoneCell.m in Sources */,
				10EF01DE17379F7400346E9F /* BCSelectLabelsDataSource.m in Sources */,
				10EF01E117379F9500346E9F /* BCSelectLabelsViewController.m in Sources */,
				10EF01E417379FBE00346E9F /* BCSelectLabelsView.m in Sources */,
				10EF01E817379FD600346E9F /* BCSelectLabelsCell.m in Sources */,
			);
			runOnlyForDeploymentPostprocessing = 0;
		};
/* End PBXSourcesBuildPhase section */

/* Begin PBXTargetDependency section */
		10F32E4F17252365005E80F8 /* PBXTargetDependency */ = {
			isa = PBXTargetDependency;
			name = "Mantle iOS";
			targetProxy = 10F32E4E17252365005E80F8 /* PBXContainerItemProxy */;
		};
/* End PBXTargetDependency section */

/* Begin PBXVariantGroup section */
		10E3FC5C1721A66B00607EBA /* InfoPlist.strings */ = {
			isa = PBXVariantGroup;
			children = (
				10E3FC5D1721A66B00607EBA /* en */,
			);
			name = InfoPlist.strings;
			sourceTree = "<group>";
		};
/* End PBXVariantGroup section */

/* Begin XCBuildConfiguration section */
		10E3FC6B1721A66B00607EBA /* Debug */ = {
			isa = XCBuildConfiguration;
			buildSettings = {
				ALWAYS_SEARCH_USER_PATHS = NO;
				CLANG_CXX_LANGUAGE_STANDARD = "gnu++0x";
				CLANG_CXX_LIBRARY = "libc++";
				CLANG_ENABLE_OBJC_ARC = YES;
				CLANG_WARN_CONSTANT_CONVERSION = YES;
				CLANG_WARN_EMPTY_BODY = YES;
				CLANG_WARN_ENUM_CONVERSION = YES;
				CLANG_WARN_INT_CONVERSION = YES;
				CLANG_WARN__DUPLICATE_METHOD_MATCH = YES;
				"CODE_SIGN_IDENTITY[sdk=iphoneos*]" = "iPhone Developer";
				COPY_PHASE_STRIP = NO;
				GCC_C_LANGUAGE_STANDARD = gnu99;
				GCC_DYNAMIC_NO_PIC = NO;
				GCC_OPTIMIZATION_LEVEL = 0;
				GCC_PREPROCESSOR_DEFINITIONS = (
					"DEBUG=1",
					"$(inherited)",
				);
				GCC_SYMBOLS_PRIVATE_EXTERN = NO;
				GCC_WARN_ABOUT_RETURN_TYPE = YES;
				GCC_WARN_UNINITIALIZED_AUTOS = YES;
				GCC_WARN_UNUSED_VARIABLE = YES;
				IPHONEOS_DEPLOYMENT_TARGET = 6.1;
				ONLY_ACTIVE_ARCH = YES;
				SDKROOT = iphoneos;
			};
			name = Debug;
		};
		10E3FC6C1721A66B00607EBA /* Release */ = {
			isa = XCBuildConfiguration;
			buildSettings = {
				ALWAYS_SEARCH_USER_PATHS = NO;
				CLANG_CXX_LANGUAGE_STANDARD = "gnu++0x";
				CLANG_CXX_LIBRARY = "libc++";
				CLANG_ENABLE_OBJC_ARC = YES;
				CLANG_WARN_CONSTANT_CONVERSION = YES;
				CLANG_WARN_EMPTY_BODY = YES;
				CLANG_WARN_ENUM_CONVERSION = YES;
				CLANG_WARN_INT_CONVERSION = YES;
				CLANG_WARN__DUPLICATE_METHOD_MATCH = YES;
				"CODE_SIGN_IDENTITY[sdk=iphoneos*]" = "iPhone Developer";
				COPY_PHASE_STRIP = YES;
				GCC_C_LANGUAGE_STANDARD = gnu99;
				GCC_WARN_ABOUT_RETURN_TYPE = YES;
				GCC_WARN_UNINITIALIZED_AUTOS = YES;
				GCC_WARN_UNUSED_VARIABLE = YES;
				IPHONEOS_DEPLOYMENT_TARGET = 6.1;
				OTHER_CFLAGS = "-DNS_BLOCK_ASSERTIONS=1";
				SDKROOT = iphoneos;
				VALIDATE_PRODUCT = YES;
			};
			name = Release;
		};
		10E3FC6E1721A66B00607EBA /* Debug */ = {
			isa = XCBuildConfiguration;
			buildSettings = {
				GCC_PRECOMPILE_PREFIX_HEADER = YES;
				GCC_PREFIX_HEADER = "issueManager/issueManager-Prefix.pch";
				INFOPLIST_FILE = "issueManager/issueManager-Info.plist";
				LIBRARY_SEARCH_PATHS = (
					"$(inherited)",
					"\"$(SRCROOT)/Mantle/MantleTests/specta/test/vendor/expecta\"",
					"\"$(SRCROOT)/issueManager/Mantle/MantleTests/specta/test/vendor/expecta\"",
				);
				PRODUCT_NAME = "$(TARGET_NAME)";
				WRAPPER_EXTENSION = app;
			};
			name = Debug;
		};
		10E3FC6F1721A66B00607EBA /* Release */ = {
			isa = XCBuildConfiguration;
			buildSettings = {
				GCC_PRECOMPILE_PREFIX_HEADER = YES;
				GCC_PREFIX_HEADER = "issueManager/issueManager-Prefix.pch";
				INFOPLIST_FILE = "issueManager/issueManager-Info.plist";
				LIBRARY_SEARCH_PATHS = (
					"$(inherited)",
					"\"$(SRCROOT)/Mantle/MantleTests/specta/test/vendor/expecta\"",
					"\"$(SRCROOT)/issueManager/Mantle/MantleTests/specta/test/vendor/expecta\"",
				);
				PRODUCT_NAME = "$(TARGET_NAME)";
				WRAPPER_EXTENSION = app;
			};
			name = Release;
		};
/* End XCBuildConfiguration section */

/* Begin XCConfigurationList section */
		10E3FC4B1721A66B00607EBA /* Build configuration list for PBXProject "issueManager" */ = {
			isa = XCConfigurationList;
			buildConfigurations = (
				10E3FC6B1721A66B00607EBA /* Debug */,
				10E3FC6C1721A66B00607EBA /* Release */,
			);
			defaultConfigurationIsVisible = 0;
			defaultConfigurationName = Release;
		};
		10E3FC6D1721A66B00607EBA /* Build configuration list for PBXNativeTarget "issueManager" */ = {
			isa = XCConfigurationList;
			buildConfigurations = (
				10E3FC6E1721A66B00607EBA /* Debug */,
				10E3FC6F1721A66B00607EBA /* Release */,
			);
			defaultConfigurationIsVisible = 0;
			defaultConfigurationName = Release;
		};
/* End XCConfigurationList section */
	};
	rootObject = 10E3FC481721A66B00607EBA /* Project object */;
}
